
Microsoft Visual Studio Solution File, Format Version 12.00
# Visual Studio Version 17
VisualStudioVersion = 17.3.32922.545
MinimumVisualStudioVersion = 10.0.40219.1
Project("{8BC9CEB8-8B4A-11D0-8D11-00A0C91BC942}") = "BinaryTree", "BinaryTree\BinaryTree.vcxproj", "{ABDC7920-F8B6-4961-8C28-382CEA4725AA}"
EndProject
Project("{8BC9CEB8-8B4A-11D0-8D11-00A0C91BC942}") = "ManualTesting", "ManualTesting\ManualTesting.vcxproj", "{32BE3FD6-DE3B-48E3-BD6A-BCC51F5DD490}"
EndProject
Global
	GlobalSection(SolutionConfigurationPlatforms) = preSolution
		Debug|x64 = Debug|x64
		Debug|x86 = Debug|x86
		Release|x64 = Release|x64
		Release|x86 = Release|x86
	EndGlobalSection
	GlobalSection(ProjectConfigurationPlatforms) = postSolution
		{ABDC7920-F8B6-4961-8C28-382CEA4725AA}.Debug|x64.ActiveCfg = Debug|x64
		{ABDC7920-F8B6-4961-8C28-382CEA4725AA}.Debug|x64.Build.0 = Debug|x64
		{ABDC7920-F8B6-4961-8C28-382CEA4725AA}.Debug|x86.ActiveCfg = Debug|Win32
		{ABDC7920-F8B6-4961-8C28-382CEA4725AA}.Debug|x86.Build.0 = Debug|Win32
		{ABDC7920-F8B6-4961-8C28-382CEA4725AA}.Release|x64.ActiveCfg = Release|x64
		{ABDC7920-F8B6-4961-8C28-382CEA4725AA}.Release|x64.Build.0 = Release|x64
		{ABDC7920-F8B6-4961-8C28-382CEA4725AA}.Release|x86.ActiveCfg = Release|Win32
		{ABDC7920-F8B6-4961-8C28-382CEA4725AA}.Release|x86.Build.0 = Release|Win32
		{32BE3FD6-DE3B-48E3-BD6A-BCC51F5DD490}.Debug|x64.ActiveCfg = Debug|x64
		{32BE3FD6-DE3B-48E3-BD6A-BCC51F5DD490}.Debug|x64.Build.0 = Debug|x64
		{32BE3FD6-DE3B-48E3-BD6A-BCC51F5DD490}.Debug|x86.ActiveCfg = Debug|Win32
		{32BE3FD6-DE3B-48E3-BD6A-BCC51F5DD490}.Debug|x86.Build.0 = Debug|Win32
		{32BE3FD6-DE3B-48E3-BD6A-BCC51F5DD490}.Release|x64.ActiveCfg = Release|x64
		{32BE3FD6-DE3B-48E3-BD6A-BCC51F5DD490}.Release|x64.Build.0 = Release|x64
		{32BE3FD6-DE3B-48E3-BD6A-BCC51F5DD490}.Release|x86.ActiveCfg = Release|Win32
		{32BE3FD6-DE3B-48E3-BD6A-BCC51F5DD490}.Release|x86.Build.0 = Release|Win32
	EndGlobalSection
	GlobalSection(SolutionProperties) = preSolution
		HideSolutionNode = FALSE
	EndGlobalSection
	GlobalSection(ExtensibilityGlobals) = postSolution
		SolutionGuid = {49FF2285-08FD-4AA8-9088-31675BB4D88D}
	EndGlobalSection
EndGlobal
